
Microsoft Visual Studio Solution File, Format Version 12.00
# Visual Studio 15
VisualStudioVersion = 15.0.28307.645
MinimumVisualStudioVersion = 10.0.40219.1
Project("{8BC9CEB8-8B4A-11D0-8D11-00A0C91BC942}") = "ConsoleMaze", "Maze\Maze.vcxproj", "{B3891477-C510-4091-B160-C1FA272804C5}"
EndProject
Project("{8BC9CEB8-8B4A-11D0-8D11-00A0C91BC942}") = "GraphicalMaze", "GraphicalMaze\GraphicalMaze.vcxproj", "{A9EDD441-EE7D-4FE0-9926-443140412325}"
EndProject
Global
	GlobalSection(SolutionConfigurationPlatforms) = preSolution
		Debug|x64 = Debug|x64
		Debug|x86 = Debug|x86
		Release|x64 = Release|x64
		Release|x86 = Release|x86
	EndGlobalSection
	GlobalSection(ProjectConfigurationPlatforms) = postSolution
		{B3891477-C510-4091-B160-C1FA272804C5}.Debug|x64.ActiveCfg = Debug|x64
		{B3891477-C510-4091-B160-C1FA272804C5}.Debug|x64.Build.0 = Debug|x64
		{B3891477-C510-4091-B160-C1FA272804C5}.Debug|x86.ActiveCfg = Debug|Win32
		{B3891477-C510-4091-B160-C1FA272804C5}.Debug|x86.Build.0 = Debug|Win32
		{B3891477-C510-4091-B160-C1FA272804C5}.Release|x64.ActiveCfg = Release|x64
		{B3891477-C510-4091-B160-C1FA272804C5}.Release|x64.Build.0 = Release|x64
		{B3891477-C510-4091-B160-C1FA272804C5}.Release|x86.ActiveCfg = Release|Win32
		{B3891477-C510-4091-B160-C1FA272804C5}.Release|x86.Build.0 = Release|Win32
		{A9EDD441-EE7D-4FE0-9926-443140412325}.Debug|x64.ActiveCfg = Debug|x64
		{A9EDD441-EE7D-4FE0-9926-443140412325}.Debug|x64.Build.0 = Debug|x64
		{A9EDD441-EE7D-4FE0-9926-443140412325}.Debug|x86.ActiveCfg = Debug|Win32
		{A9EDD441-EE7D-4FE0-9926-443140412325}.Debug|x86.Build.0 = Debug|Win32
		{A9EDD441-EE7D-4FE0-9926-443140412325}.Release|x64.ActiveCfg = Release|x64
		{A9EDD441-EE7D-4FE0-9926-443140412325}.Release|x64.Build.0 = Release|x64
		{A9EDD441-EE7D-4FE0-9926-443140412325}.Release|x86.ActiveCfg = Release|Win32
		{A9EDD441-EE7D-4FE0-9926-443140412325}.Release|x86.Build.0 = Release|Win32
	EndGlobalSection
	GlobalSection(SolutionProperties) = preSolution
		HideSolutionNode = FALSE
	EndGlobalSection
	GlobalSection(ExtensibilityGlobals) = postSolution
		SolutionGuid = {690D66B6-7447-4A3E-BC47-59582E881EF8}
	EndGlobalSection
EndGlobal
